{
  "lockfileVersion": 1,
  "workspaces": {
    "": {
      "name": "worker",
      "dependencies": {
        "@aws-sdk/client-s3": "^3.899.0",
        "@aws-sdk/lib-storage": "^3.899.0",
        "bullmq": "^5.58.7",
        "cors": "^2.8.5",
        "dotenv": "^17.2.2",
        "ioredis": "^5.7.0",
        "uuid": "^13.0.0",
        "zod": "^4.1.11",
      },
      "devDependencies": {
        "@types/bun": "latest",
        "@types/cors": "^2.8.19",
        "@types/uuid": "^11.0.0",
      },
      "peerDependencies": {
        "typescript": "^5",
      },
    },
  },
  "packages": {
    "@aws-crypto/crc32": ["@aws-crypto/crc32@5.2.0", "", { "dependencies": { "@aws-crypto/util": "^5.2.0", "@aws-sdk/types": "^3.222.0", "tslib": "^2.6.2" } }, "sha512-nLbCWqQNgUiwwtFsen1AdzAtvuLRsQS8rYgMuxCrdKf9kOssamGLuPwyTY9wyYblNr9+1XM8v6zoDTPPSIeANg=="],

    "@aws-crypto/crc32c": ["@aws-crypto/crc32c@5.2.0", "", { "dependencies": { "@aws-crypto/util": "^5.2.0", "@aws-sdk/types": "^3.222.0", "tslib": "^2.6.2" } }, "sha512-+iWb8qaHLYKrNvGRbiYRHSdKRWhto5XlZUEBwDjYNf+ly5SVYG6zEoYIdxvf5R3zyeP16w4PLBn3rH1xc74Rag=="],

    "@aws-crypto/sha1-browser": ["@aws-crypto/sha1-browser@5.2.0", "", { "dependencies": { "@aws-crypto/supports-web-crypto": "^5.2.0", "@aws-crypto/util": "^5.2.0", "@aws-sdk/types": "^3.222.0", "@aws-sdk/util-locate-window": "^3.0.0", "@smithy/util-utf8": "^2.0.0", "tslib": "^2.6.2" } }, "sha512-OH6lveCFfcDjX4dbAvCFSYUjJZjDr/3XJ3xHtjn3Oj5b9RjojQo8npoLeA/bNwkOkrSQ0wgrHzXk4tDRxGKJeg=="],

    "@aws-crypto/sha256-browser": ["@aws-crypto/sha256-browser@5.2.0", "", { "dependencies": { "@aws-crypto/sha256-js": "^5.2.0", "@aws-crypto/supports-web-crypto": "^5.2.0", "@aws-crypto/util": "^5.2.0", "@aws-sdk/types": "^3.222.0", "@aws-sdk/util-locate-window": "^3.0.0", "@smithy/util-utf8": "^2.0.0", "tslib": "^2.6.2" } }, "sha512-AXfN/lGotSQwu6HNcEsIASo7kWXZ5HYWvfOmSNKDsEqC4OashTp8alTmaz+F7TC2L083SFv5RdB+qU3Vs1kZqw=="],

    "@aws-crypto/sha256-js": ["@aws-crypto/sha256-js@5.2.0", "", { "dependencies": { "@aws-crypto/util": "^5.2.0", "@aws-sdk/types": "^3.222.0", "tslib": "^2.6.2" } }, "sha512-FFQQyu7edu4ufvIZ+OadFpHHOt+eSTBaYaki44c+akjg7qZg9oOQeLlk77F6tSYqjDAFClrHJk9tMf0HdVyOvA=="],

    "@aws-crypto/supports-web-crypto": ["@aws-crypto/supports-web-crypto@5.2.0", "", { "dependencies": { "tslib": "^2.6.2" } }, "sha512-iAvUotm021kM33eCdNfwIN//F77/IADDSs58i+MDaOqFrVjZo9bAal0NK7HurRuWLLpF1iLX7gbWrjHjeo+YFg=="],

    "@aws-crypto/util": ["@aws-crypto/util@5.2.0", "", { "dependencies": { "@aws-sdk/types": "^3.222.0", "@smithy/util-utf8": "^2.0.0", "tslib": "^2.6.2" } }, "sha512-4RkU9EsI6ZpBve5fseQlGNUWKMa1RLPQ1dnjnQoe07ldfIzcsGb5hC5W0Dm7u423KWzawlrpbjXBrXCEv9zazQ=="],

    "@aws-sdk/client-s3": ["@aws-sdk/client-s3@3.899.0", "", { "dependencies": { "@aws-crypto/sha1-browser": "5.2.0", "@aws-crypto/sha256-browser": "5.2.0", "@aws-crypto/sha256-js": "5.2.0", "@aws-sdk/core": "3.899.0", "@aws-sdk/credential-provider-node": "3.899.0", "@aws-sdk/middleware-bucket-endpoint": "3.893.0", "@aws-sdk/middleware-expect-continue": "3.893.0", "@aws-sdk/middleware-flexible-checksums": "3.899.0", "@aws-sdk/middleware-host-header": "3.893.0", "@aws-sdk/middleware-location-constraint": "3.893.0", "@aws-sdk/middleware-logger": "3.893.0", "@aws-sdk/middleware-recursion-detection": "3.893.0", "@aws-sdk/middleware-sdk-s3": "3.899.0", "@aws-sdk/middleware-ssec": "3.893.0", "@aws-sdk/middleware-user-agent": "3.899.0", "@aws-sdk/region-config-resolver": "3.893.0", "@aws-sdk/signature-v4-multi-region": "3.899.0", "@aws-sdk/types": "3.893.0", "@aws-sdk/util-endpoints": "3.895.0", "@aws-sdk/util-user-agent-browser": "3.893.0", "@aws-sdk/util-user-agent-node": "3.899.0", "@aws-sdk/xml-builder": "3.894.0", "@smithy/config-resolver": "^4.2.2", "@smithy/core": "^3.13.0", "@smithy/eventstream-serde-browser": "^4.1.1", "@smithy/eventstream-serde-config-resolver": "^4.2.1", "@smithy/eventstream-serde-node": "^4.1.1", "@smithy/fetch-http-handler": "^5.2.1", "@smithy/hash-blob-browser": "^4.1.1", "@smithy/hash-node": "^4.1.1", "@smithy/hash-stream-node": "^4.1.1", "@smithy/invalid-dependency": "^4.1.1", "@smithy/md5-js": "^4.1.1", "@smithy/middleware-content-length": "^4.1.1", "@smithy/middleware-endpoint": "^4.2.5", "@smithy/middleware-retry": "^4.3.1", "@smithy/middleware-serde": "^4.1.1", "@smithy/middleware-stack": "^4.1.1", "@smithy/node-config-provider": "^4.2.2", "@smithy/node-http-handler": "^4.2.1", "@smithy/protocol-http": "^5.2.1", "@smithy/smithy-client": "^4.6.5", "@smithy/types": "^4.5.0", "@smithy/url-parser": "^4.1.1", "@smithy/util-base64": "^4.1.0", "@smithy/util-body-length-browser": "^4.1.0", "@smithy/util-body-length-node": "^4.1.0", "@smithy/util-defaults-mode-browser": "^4.1.5", "@smithy/util-defaults-mode-node": "^4.1.5", "@smithy/util-endpoints": "^3.1.2", "@smithy/util-middleware": "^4.1.1", "@smithy/util-retry": "^4.1.2", "@smithy/util-stream": "^4.3.2", "@smithy/util-utf8": "^4.1.0", "@smithy/util-waiter": "^4.1.1", "@smithy/uuid": "^1.0.0", "tslib": "^2.6.2" } }, "sha512-m/XQT0Rew4ff1Xmug+8n7f3uwom2DhbPwKWjUpluKo8JNCJJTIlfFSe1tnSimeE7RdLcIigK0YpvE50OjZZHGw=="],

    "@aws-sdk/client-sso": ["@aws-sdk/client-sso@3.899.0", "", { "dependencies": { "@aws-crypto/sha256-browser": "5.2.0", "@aws-crypto/sha256-js": "5.2.0", "@aws-sdk/core": "3.899.0", "@aws-sdk/middleware-host-header": "3.893.0", "@aws-sdk/middleware-logger": "3.893.0", "@aws-sdk/middleware-recursion-detection": "3.893.0", "@aws-sdk/middleware-user-agent": "3.899.0", "@aws-sdk/region-config-resolver": "3.893.0", "@aws-sdk/types": "3.893.0", "@aws-sdk/util-endpoints": "3.895.0", "@aws-sdk/util-user-agent-browser": "3.893.0", "@aws-sdk/util-user-agent-node": "3.899.0", "@smithy/config-resolver": "^4.2.2", "@smithy/core": "^3.13.0", "@smithy/fetch-http-handler": "^5.2.1", "@smithy/hash-node": "^4.1.1", "@smithy/invalid-dependency": "^4.1.1", "@smithy/middleware-content-length": "^4.1.1", "@smithy/middleware-endpoint": "^4.2.5", "@smithy/middleware-retry": "^4.3.1", "@smithy/middleware-serde": "^4.1.1", "@smithy/middleware-stack": "^4.1.1", "@smithy/node-config-provider": "^4.2.2", "@smithy/node-http-handler": "^4.2.1", "@smithy/protocol-http": "^5.2.1", "@smithy/smithy-client": "^4.6.5", "@smithy/types": "^4.5.0", "@smithy/url-parser": "^4.1.1", "@smithy/util-base64": "^4.1.0", "@smithy/util-body-length-browser": "^4.1.0", "@smithy/util-body-length-node": "^4.1.0", "@smithy/util-defaults-mode-browser": "^4.1.5", "@smithy/util-defaults-mode-node": "^4.1.5", "@smithy/util-endpoints": "^3.1.2", "@smithy/util-middleware": "^4.1.1", "@smithy/util-retry": "^4.1.2", "@smithy/util-utf8": "^4.1.0", "tslib": "^2.6.2" } }, "sha512-EKz/iiVDv2OC8/3ONcXG3+rhphx9Heh7KXQdsZzsAXGVn6mWtrHQLrWjgONckmK4LrD07y4+5WlJlGkMxSMA5A=="],

    "@aws-sdk/core": ["@aws-sdk/core@3.899.0", "", { "dependencies": { "@aws-sdk/types": "3.893.0", "@aws-sdk/xml-builder": "3.894.0", "@smithy/core": "^3.13.0", "@smithy/node-config-provider": "^4.2.2", "@smithy/property-provider": "^4.1.1", "@smithy/protocol-http": "^5.2.1", "@smithy/signature-v4": "^5.2.1", "@smithy/smithy-client": "^4.6.5", "@smithy/types": "^4.5.0", "@smithy/util-base64": "^4.1.0", "@smithy/util-middleware": "^4.1.1", "@smithy/util-utf8": "^4.1.0", "tslib": "^2.6.2" } }, "sha512-Enp5Zw37xaRlnscyaelaUZNxVqyE3CTS8gjahFbW2bbzVtRD2itHBVgq8A3lvKiFb7Feoxa71aTe0fQ1I6AhQQ=="],

    "@aws-sdk/credential-provider-env": ["@aws-sdk/credential-provider-env@3.899.0", "", { "dependencies": { "@aws-sdk/core": "3.899.0", "@aws-sdk/types": "3.893.0", "@smithy/property-provider": "^4.1.1", "@smithy/types": "^4.5.0", "tslib": "^2.6.2" } }, "sha512-wXQ//KQ751EFhUbdfoL/e2ZDaM8l2Cff+hVwFcj32yiZyeCMhnoLRMQk2euAaUOugqPY5V5qesFbHhISbIedtw=="],

    "@aws-sdk/credential-provider-http": ["@aws-sdk/credential-provider-http@3.899.0", "", { "dependencies": { "@aws-sdk/core": "3.899.0", "@aws-sdk/types": "3.893.0", "@smithy/fetch-http-handler": "^5.2.1", "@smithy/node-http-handler": "^4.2.1", "@smithy/property-provider": "^4.1.1", "@smithy/protocol-http": "^5.2.1", "@smithy/smithy-client": "^4.6.5", "@smithy/types": "^4.5.0", "@smithy/util-stream": "^4.3.2", "tslib": "^2.6.2" } }, "sha512-/rRHyJFdnPrupjt/1q/PxaO6O26HFsguVUJSUeMeGUWLy0W8OC3slLFDNh89CgTqnplCyt1aLFMCagRM20HjNQ=="],

    "@aws-sdk/credential-provider-ini": ["@aws-sdk/credential-provider-ini@3.899.0", "", { "dependencies": { "@aws-sdk/core": "3.899.0", "@aws-sdk/credential-provider-env": "3.899.0", "@aws-sdk/credential-provider-http": "3.899.0", "@aws-sdk/credential-provider-process": "3.899.0", "@aws-sdk/credential-provider-sso": "3.899.0", "@aws-sdk/credential-provider-web-identity": "3.899.0", "@aws-sdk/nested-clients": "3.899.0", "@aws-sdk/types": "3.893.0", "@smithy/credential-provider-imds": "^4.1.2", "@smithy/property-provider": "^4.1.1", "@smithy/shared-ini-file-loader": "^4.2.0", "@smithy/types": "^4.5.0", "tslib": "^2.6.2" } }, "sha512-B8oFNFTDV0j1yiJiqzkC2ybml+theNnmsLrTLBhJbnBLWkxEcmVGKVIMnATW9BUCBhHmEtDiogdNIzSwP8tbMw=="],

    "@aws-sdk/credential-provider-node": ["@aws-sdk/credential-provider-node@3.899.0", "", { "dependencies": { "@aws-sdk/credential-provider-env": "3.899.0", "@aws-sdk/credential-provider-http": "3.899.0", "@aws-sdk/credential-provider-ini": "3.899.0", "@aws-sdk/credential-provider-process": "3.899.0", "@aws-sdk/credential-provider-sso": "3.899.0", "@aws-sdk/credential-provider-web-identity": "3.899.0", "@aws-sdk/types": "3.893.0", "@smithy/credential-provider-imds": "^4.1.2", "@smithy/property-provider": "^4.1.1", "@smithy/shared-ini-file-loader": "^4.2.0", "@smithy/types": "^4.5.0", "tslib": "^2.6.2" } }, "sha512-nHBnZ2ZCOqTGJ2A9xpVj8iK6+WV+j0JNv3XGEkIuL4mqtGEPJlEex/0mD/hqc1VF8wZzojji2OQ3892m1mUOSA=="],

    "@aws-sdk/credential-provider-process": ["@aws-sdk/credential-provider-process@3.899.0", "", { "dependencies": { "@aws-sdk/core": "3.899.0", "@aws-sdk/types": "3.893.0", "@smithy/property-provider": "^4.1.1", "@smithy/shared-ini-file-loader": "^4.2.0", "@smithy/types": "^4.5.0", "tslib": "^2.6.2" } }, "sha512-1PWSejKcJQUKBNPIqSHlEW4w8vSjmb+3kNJqCinJybjp5uP5BJgBp6QNcb8Nv30VBM0bn3ajVd76LCq4ZshQAw=="],

    "@aws-sdk/credential-provider-sso": ["@aws-sdk/credential-provider-sso@3.899.0", "", { "dependencies": { "@aws-sdk/client-sso": "3.899.0", "@aws-sdk/core": "3.899.0", "@aws-sdk/token-providers": "3.899.0", "@aws-sdk/types": "3.893.0", "@smithy/property-provider": "^4.1.1", "@smithy/shared-ini-file-loader": "^4.2.0", "@smithy/types": "^4.5.0", "tslib": "^2.6.2" } }, "sha512-URlMbo74CAhIGrhzEP2fw5F5Tt6MRUctA8aa88MomlEHCEbJDsMD3nh6qoXxwR3LyvEBFmCWOZ/1TWmAjMsSdA=="],

    "@aws-sdk/credential-provider-web-identity": ["@aws-sdk/credential-provider-web-identity@3.899.0", "", { "dependencies": { "@aws-sdk/core": "3.899.0", "@aws-sdk/nested-clients": "3.899.0", "@aws-sdk/types": "3.893.0", "@smithy/property-provider": "^4.1.1", "@smithy/shared-ini-file-loader": "^4.2.0", "@smithy/types": "^4.5.0", "tslib": "^2.6.2" } }, "sha512-UEn5o5FMcbeFPRRkJI6VCrgdyR9qsLlGA7+AKCYuYADsKbvJGIIQk6A2oD82vIVvLYD3TtbTLDLsF7haF9mpbw=="],

    "@aws-sdk/lib-storage": ["@aws-sdk/lib-storage@3.899.0", "", { "dependencies": { "@smithy/abort-controller": "^4.1.1", "@smithy/middleware-endpoint": "^4.2.5", "@smithy/smithy-client": "^4.6.5", "buffer": "5.6.0", "events": "3.3.0", "stream-browserify": "3.0.0", "tslib": "^2.6.2" }, "peerDependencies": { "@aws-sdk/client-s3": "^3.899.0" } }, "sha512-Goc8fGp/iHDczfc561mBFVoMR4pXalxM+xHDQwkGzYs/BHvCBfegwK6QisuLjC60002p5+tPSLecRvQve3JW7Q=="],

    "@aws-sdk/middleware-bucket-endpoint": ["@aws-sdk/middleware-bucket-endpoint@3.893.0", "", { "dependencies": { "@aws-sdk/types": "3.893.0", "@aws-sdk/util-arn-parser": "3.893.0", "@smithy/node-config-provider": "^4.2.2", "@smithy/protocol-http": "^5.2.1", "@smithy/types": "^4.5.0", "@smithy/util-config-provider": "^4.1.0", "tslib": "^2.6.2" } }, "sha512-H+wMAoFC73T7M54OFIezdHXR9/lH8TZ3Cx1C3MEBb2ctlzQrVCd8LX8zmOtcGYC8plrRwV+8rNPe0FMqecLRew=="],

    "@aws-sdk/middleware-expect-continue": ["@aws-sdk/middleware-expect-continue@3.893.0", "", { "dependencies": { "@aws-sdk/types": "3.893.0", "@smithy/protocol-http": "^5.2.1", "@smithy/types": "^4.5.0", "tslib": "^2.6.2" } }, "sha512-PEZkvD6k0X9sacHkvkVF4t2QyQEAzd35OJ2bIrjWCfc862TwukMMJ1KErRmQ1WqKXHKF4L0ed5vtWaO/8jVLNA=="],

    "@aws-sdk/middleware-flexible-checksums": ["@aws-sdk/middleware-flexible-checksums@3.899.0", "", { "dependencies": { "@aws-crypto/crc32": "5.2.0", "@aws-crypto/crc32c": "5.2.0", "@aws-crypto/util": "5.2.0", "@aws-sdk/core": "3.899.0", "@aws-sdk/types": "3.893.0", "@smithy/is-array-buffer": "^4.1.0", "@smithy/node-config-provider": "^4.2.2", "@smithy/protocol-http": "^5.2.1", "@smithy/types": "^4.5.0", "@smithy/util-middleware": "^4.1.1", "@smithy/util-stream": "^4.3.2", "@smithy/util-utf8": "^4.1.0", "tslib": "^2.6.2" } }, "sha512-Hn2nyE+08/z+etssu++1W/kN9lCMAsLeg505mMcyrPs9Ex2XMl8ho/nYKBp5EjjfU8quqfP8O4NYt4KRy9OEaA=="],

    "@aws-sdk/middleware-host-header": ["@aws-sdk/middleware-host-header@3.893.0", "", { "dependencies": { "@aws-sdk/types": "3.893.0", "@smithy/protocol-http": "^5.2.1", "@smithy/types": "^4.5.0", "tslib": "^2.6.2" } }, "sha512-qL5xYRt80ahDfj9nDYLhpCNkDinEXvjLe/Qen/Y/u12+djrR2MB4DRa6mzBCkLkdXDtf0WAoW2EZsNCfGrmOEQ=="],

    "@aws-sdk/middleware-location-constraint": ["@aws-sdk/middleware-location-constraint@3.893.0", "", { "dependencies": { "@aws-sdk/types": "3.893.0", "@smithy/types": "^4.5.0", "tslib": "^2.6.2" } }, "sha512-MlbBc7Ttb1ekbeeeFBU4DeEZOLb5s0Vl4IokvO17g6yJdLk4dnvZro9zdXl3e7NXK+kFxHRBFZe55p/42mVgDA=="],

    "@aws-sdk/middleware-logger": ["@aws-sdk/middleware-logger@3.893.0", "", { "dependencies": { "@aws-sdk/types": "3.893.0", "@smithy/types": "^4.5.0", "tslib": "^2.6.2" } }, "sha512-ZqzMecjju5zkBquSIfVfCORI/3Mge21nUY4nWaGQy+NUXehqCGG4W7AiVpiHGOcY2cGJa7xeEkYcr2E2U9U0AA=="],

    "@aws-sdk/middleware-recursion-detection": ["@aws-sdk/middleware-recursion-detection@3.893.0", "", { "dependencies": { "@aws-sdk/types": "3.893.0", "@aws/lambda-invoke-store": "^0.0.1", "@smithy/protocol-http": "^5.2.1", "@smithy/types": "^4.5.0", "tslib": "^2.6.2" } }, "sha512-H7Zotd9zUHQAr/wr3bcWHULYhEeoQrF54artgsoUGIf/9emv6LzY89QUccKIxYd6oHKNTrTyXm9F0ZZrzXNxlg=="],

    "@aws-sdk/middleware-sdk-s3": ["@aws-sdk/middleware-sdk-s3@3.899.0", "", { "dependencies": { "@aws-sdk/core": "3.899.0", "@aws-sdk/types": "3.893.0", "@aws-sdk/util-arn-parser": "3.893.0", "@smithy/core": "^3.13.0", "@smithy/node-config-provider": "^4.2.2", "@smithy/protocol-http": "^5.2.1", "@smithy/signature-v4": "^5.2.1", "@smithy/smithy-client": "^4.6.5", "@smithy/types": "^4.5.0", "@smithy/util-config-provider": "^4.1.0", "@smithy/util-middleware": "^4.1.1", "@smithy/util-stream": "^4.3.2", "@smithy/util-utf8": "^4.1.0", "tslib": "^2.6.2" } }, "sha512-/3/EIRSwQ5CNOSTHx96gVGzzmTe46OxcPG5FTgM6i9ZD+K/Q3J/UPGFL5DPzct5fXiSLvD1cGQitWHStVDjOVQ=="],

    "@aws-sdk/middleware-ssec": ["@aws-sdk/middleware-ssec@3.893.0", "", { "dependencies": { "@aws-sdk/types": "3.893.0", "@smithy/types": "^4.5.0", "tslib": "^2.6.2" } }, "sha512-e4ccCiAnczv9mMPheKjgKxZQN473mcup+3DPLVNnIw5GRbQoDqPSB70nUzfORKZvM7ar7xLMPxNR8qQgo1C8Rg=="],

    "@aws-sdk/middleware-user-agent": ["@aws-sdk/middleware-user-agent@3.899.0", "", { "dependencies": { "@aws-sdk/core": "3.899.0", "@aws-sdk/types": "3.893.0", "@aws-sdk/util-endpoints": "3.895.0", "@smithy/core": "^3.13.0", "@smithy/protocol-http": "^5.2.1", "@smithy/types": "^4.5.0", "tslib": "^2.6.2" } }, "sha512-6EsVCC9j1VIyVyLOg+HyO3z9L+c0PEwMiHe3kuocoMf8nkfjSzJfIl6zAtgAXWgP5MKvusTP2SUbS9ezEEHZ+A=="],

    "@aws-sdk/nested-clients": ["@aws-sdk/nested-clients@3.899.0", "", { "dependencies": { "@aws-crypto/sha256-browser": "5.2.0", "@aws-crypto/sha256-js": "5.2.0", "@aws-sdk/core": "3.899.0", "@aws-sdk/middleware-host-header": "3.893.0", "@aws-sdk/middleware-logger": "3.893.0", "@aws-sdk/middleware-recursion-detection": "3.893.0", "@aws-sdk/middleware-user-agent": "3.899.0", "@aws-sdk/region-config-resolver": "3.893.0", "@aws-sdk/types": "3.893.0", "@aws-sdk/util-endpoints": "3.895.0", "@aws-sdk/util-user-agent-browser": "3.893.0", "@aws-sdk/util-user-agent-node": "3.899.0", "@smithy/config-resolver": "^4.2.2", "@smithy/core": "^3.13.0", "@smithy/fetch-http-handler": "^5.2.1", "@smithy/hash-node": "^4.1.1", "@smithy/invalid-dependency": "^4.1.1", "@smithy/middleware-content-length": "^4.1.1", "@smithy/middleware-endpoint": "^4.2.5", "@smithy/middleware-retry": "^4.3.1", "@smithy/middleware-serde": "^4.1.1", "@smithy/middleware-stack": "^4.1.1", "@smithy/node-config-provider": "^4.2.2", "@smithy/node-http-handler": "^4.2.1", "@smithy/protocol-http": "^5.2.1", "@smithy/smithy-client": "^4.6.5", "@smithy/types": "^4.5.0", "@smithy/url-parser": "^4.1.1", "@smithy/util-base64": "^4.1.0", "@smithy/util-body-length-browser": "^4.1.0", "@smithy/util-body-length-node": "^4.1.0", "@smithy/util-defaults-mode-browser": "^4.1.5", "@smithy/util-defaults-mode-node": "^4.1.5", "@smithy/util-endpoints": "^3.1.2", "@smithy/util-middleware": "^4.1.1", "@smithy/util-retry": "^4.1.2", "@smithy/util-utf8": "^4.1.0", "tslib": "^2.6.2" } }, "sha512-ySXXsFO0RH28VISEqvCuPZ78VAkK45/+OCIJgPvYpcCX9CVs70XSvMPXDI46I49mudJ1s4H3IUKccYSEtA+jaw=="],

    "@aws-sdk/region-config-resolver": ["@aws-sdk/region-config-resolver@3.893.0", "", { "dependencies": { "@aws-sdk/types": "3.893.0", "@smithy/node-config-provider": "^4.2.2", "@smithy/types": "^4.5.0", "@smithy/util-config-provider": "^4.1.0", "@smithy/util-middleware": "^4.1.1", "tslib": "^2.6.2" } }, "sha512-/cJvh3Zsa+Of0Zbg7vl9wp/kZtdb40yk/2+XcroAMVPO9hPvmS9r/UOm6tO7FeX4TtkRFwWaQJiTZTgSdsPY+Q=="],

    "@aws-sdk/signature-v4-multi-region": ["@aws-sdk/signature-v4-multi-region@3.899.0", "", { "dependencies": { "@aws-sdk/middleware-sdk-s3": "3.899.0", "@aws-sdk/types": "3.893.0", "@smithy/protocol-http": "^5.2.1", "@smithy/signature-v4": "^5.2.1", "@smithy/types": "^4.5.0", "tslib": "^2.6.2" } }, "sha512-wV51Jogxhd7dI4Q2Y1ASbkwTsRT3G8uwWFDCwl+WaErOQAzofKlV6nFJQlfgjMk4iEn2gFOIWqJ8fMTGShRK/A=="],

    "@aws-sdk/token-providers": ["@aws-sdk/token-providers@3.899.0", "", { "dependencies": { "@aws-sdk/core": "3.899.0", "@aws-sdk/nested-clients": "3.899.0", "@aws-sdk/types": "3.893.0", "@smithy/property-provider": "^4.1.1", "@smithy/shared-ini-file-loader": "^4.2.0", "@smithy/types": "^4.5.0", "tslib": "^2.6.2" } }, "sha512-Ovu1nWr8HafYa/7DaUvvPnzM/yDUGDBqaiS7rRzv++F5VwyFY37+z/mHhvRnr+PbNWo8uf22a121SNue5uwP2w=="],

    "@aws-sdk/types": ["@aws-sdk/types@3.893.0", "", { "dependencies": { "@smithy/types": "^4.5.0", "tslib": "^2.6.2" } }, "sha512-Aht1nn5SnA0N+Tjv0dzhAY7CQbxVtmq1bBR6xI0MhG7p2XYVh1wXuKTzrldEvQWwA3odOYunAfT9aBiKZx9qIg=="],

    "@aws-sdk/util-arn-parser": ["@aws-sdk/util-arn-parser@3.893.0", "", { "dependencies": { "tslib": "^2.6.2" } }, "sha512-u8H4f2Zsi19DGnwj5FSZzDMhytYF/bCh37vAtBsn3cNDL3YG578X5oc+wSX54pM3tOxS+NY7tvOAo52SW7koUA=="],

    "@aws-sdk/util-endpoints": ["@aws-sdk/util-endpoints@3.895.0", "", { "dependencies": { "@aws-sdk/types": "3.893.0", "@smithy/types": "^4.5.0", "@smithy/url-parser": "^4.1.1", "@smithy/util-endpoints": "^3.1.2", "tslib": "^2.6.2" } }, "sha512-MhxBvWbwxmKknuggO2NeMwOVkHOYL98pZ+1ZRI5YwckoCL3AvISMnPJgfN60ww6AIXHGpkp+HhpFdKOe8RHSEg=="],

    "@aws-sdk/util-locate-window": ["@aws-sdk/util-locate-window@3.893.0", "", { "dependencies": { "tslib": "^2.6.2" } }, "sha512-T89pFfgat6c8nMmpI8eKjBcDcgJq36+m9oiXbcUzeU55MP9ZuGgBomGjGnHaEyF36jenW9gmg3NfZDm0AO2XPg=="],

    "@aws-sdk/util-user-agent-browser": ["@aws-sdk/util-user-agent-browser@3.893.0", "", { "dependencies": { "@aws-sdk/types": "3.893.0", "@smithy/types": "^4.5.0", "bowser": "^2.11.0", "tslib": "^2.6.2" } }, "sha512-PE9NtbDBW6Kgl1bG6A5fF3EPo168tnkj8TgMcT0sg4xYBWsBpq0bpJZRh+Jm5Bkwiw9IgTCLjEU7mR6xWaMB9w=="],

    "@aws-sdk/util-user-agent-node": ["@aws-sdk/util-user-agent-node@3.899.0", "", { "dependencies": { "@aws-sdk/middleware-user-agent": "3.899.0", "@aws-sdk/types": "3.893.0", "@smithy/node-config-provider": "^4.2.2", "@smithy/types": "^4.5.0", "tslib": "^2.6.2" }, "peerDependencies": { "aws-crt": ">=1.0.0" }, "optionalPeers": ["aws-crt"] }, "sha512-CiP0UAVQWLg2+8yciUBzVLaK5Fr7jBQ7wVu+p/O2+nlCOD3E3vtL1KZ1qX/d3OVpVSVaMAdZ9nbyewGV9hvjjg=="],

    "@aws-sdk/xml-builder": ["@aws-sdk/xml-builder@3.894.0", "", { "dependencies": { "@smithy/types": "^4.5.0", "fast-xml-parser": "5.2.5", "tslib": "^2.6.2" } }, "sha512-E6EAMc9dT1a2DOdo4zyOf3fp5+NJ2wI+mcm7RaW1baFIWDwcb99PpvWoV7YEiK7oaBDshuOEGWKUSYXdW+JYgA=="],

    "@aws/lambda-invoke-store": ["@aws/lambda-invoke-store@0.0.1", "", {}, "sha512-ORHRQ2tmvnBXc8t/X9Z8IcSbBA4xTLKuN873FopzklHMeqBst7YG0d+AX97inkvDX+NChYtSr+qGfcqGFaI8Zw=="],

    "@ioredis/commands": ["@ioredis/commands@1.4.0", "", {}, "sha512-aFT2yemJJo+TZCmieA7qnYGQooOS7QfNmYrzGtsYd3g9j5iDP8AimYYAesf79ohjbLG12XxC4nG5DyEnC88AsQ=="],

    "@msgpackr-extract/msgpackr-extract-darwin-arm64": ["@msgpackr-extract/msgpackr-extract-darwin-arm64@3.0.3", "", { "os": "darwin", "cpu": "arm64" }, "sha512-QZHtlVgbAdy2zAqNA9Gu1UpIuI8Xvsd1v8ic6B2pZmeFnFcMWiPLfWXh7TVw4eGEZ/C9TH281KwhVoeQUKbyjw=="],

    "@msgpackr-extract/msgpackr-extract-darwin-x64": ["@msgpackr-extract/msgpackr-extract-darwin-x64@3.0.3", "", { "os": "darwin", "cpu": "x64" }, "sha512-mdzd3AVzYKuUmiWOQ8GNhl64/IoFGol569zNRdkLReh6LRLHOXxU4U8eq0JwaD8iFHdVGqSy4IjFL4reoWCDFw=="],

    "@msgpackr-extract/msgpackr-extract-linux-arm": ["@msgpackr-extract/msgpackr-extract-linux-arm@3.0.3", "", { "os": "linux", "cpu": "arm" }, "sha512-fg0uy/dG/nZEXfYilKoRe7yALaNmHoYeIoJuJ7KJ+YyU2bvY8vPv27f7UKhGRpY6euFYqEVhxCFZgAUNQBM3nw=="],

    "@msgpackr-extract/msgpackr-extract-linux-arm64": ["@msgpackr-extract/msgpackr-extract-linux-arm64@3.0.3", "", { "os": "linux", "cpu": "arm64" }, "sha512-YxQL+ax0XqBJDZiKimS2XQaf+2wDGVa1enVRGzEvLLVFeqa5kx2bWbtcSXgsxjQB7nRqqIGFIcLteF/sHeVtQg=="],

    "@msgpackr-extract/msgpackr-extract-linux-x64": ["@msgpackr-extract/msgpackr-extract-linux-x64@3.0.3", "", { "os": "linux", "cpu": "x64" }, "sha512-cvwNfbP07pKUfq1uH+S6KJ7dT9K8WOE4ZiAcsrSes+UY55E/0jLYc+vq+DO7jlmqRb5zAggExKm0H7O/CBaesg=="],

    "@msgpackr-extract/msgpackr-extract-win32-x64": ["@msgpackr-extract/msgpackr-extract-win32-x64@3.0.3", "", { "os": "win32", "cpu": "x64" }, "sha512-x0fWaQtYp4E6sktbsdAqnehxDgEc/VwM7uLsRCYWaiGu0ykYdZPiS8zCWdnjHwyiumousxfBm4SO31eXqwEZhQ=="],

    "@smithy/abort-controller": ["@smithy/abort-controller@4.1.1", "", { "dependencies": { "@smithy/types": "^4.5.0", "tslib": "^2.6.2" } }, "sha512-vkzula+IwRvPR6oKQhMYioM3A/oX/lFCZiwuxkQbRhqJS2S4YRY2k7k/SyR2jMf3607HLtbEwlRxi0ndXHMjRg=="],

    "@smithy/chunked-blob-reader": ["@smithy/chunked-blob-reader@5.1.0", "", { "dependencies": { "tslib": "^2.6.2" } }, "sha512-a36AtR7Q7XOhRPt6F/7HENmTWcB8kN7mDJcOFM/+FuKO6x88w8MQJfYCufMWh4fGyVkPjUh3Rrz/dnqFQdo6OQ=="],

    "@smithy/chunked-blob-reader-native": ["@smithy/chunked-blob-reader-native@4.1.0", "", { "dependencies": { "@smithy/util-base64": "^4.1.0", "tslib": "^2.6.2" } }, "sha512-Bnv0B3nSlfB2mPO0WgM49I/prl7+kamF042rrf3ezJ3Z4C7csPYvyYgZfXTGXwXfj1mAwDWjE/ybIf49PzFzvA=="],

    "@smithy/config-resolver": ["@smithy/config-resolver@4.2.2", "", { "dependencies": { "@smithy/node-config-provider": "^4.2.2", "@smithy/types": "^4.5.0", "@smithy/util-config-provider": "^4.1.0", "@smithy/util-middleware": "^4.1.1", "tslib": "^2.6.2" } }, "sha512-IT6MatgBWagLybZl1xQcURXRICvqz1z3APSCAI9IqdvfCkrA7RaQIEfgC6G/KvfxnDfQUDqFV+ZlixcuFznGBQ=="],

    "@smithy/core": ["@smithy/core@3.13.0", "", { "dependencies": { "@smithy/middleware-serde": "^4.1.1", "@smithy/protocol-http": "^5.2.1", "@smithy/types": "^4.5.0", "@smithy/util-base64": "^4.1.0", "@smithy/util-body-length-browser": "^4.1.0", "@smithy/util-middleware": "^4.1.1", "@smithy/util-stream": "^4.3.2", "@smithy/util-utf8": "^4.1.0", "@smithy/uuid": "^1.0.0", "tslib": "^2.6.2" } }, "sha512-BI6ALLPOKnPOU1Cjkc+1TPhOlP3JXSR/UH14JmnaLq41t3ma+IjuXrKfhycVjr5IQ0XxRh2NnQo3olp+eCVrGg=="],

    "@smithy/credential-provider-imds": ["@smithy/credential-provider-imds@4.1.2", "", { "dependencies": { "@smithy/node-config-provider": "^4.2.2", "@smithy/property-provider": "^4.1.1", "@smithy/types": "^4.5.0", "@smithy/url-parser": "^4.1.1", "tslib": "^2.6.2" } }, "sha512-JlYNq8TShnqCLg0h+afqe2wLAwZpuoSgOyzhYvTgbiKBWRov+uUve+vrZEQO6lkdLOWPh7gK5dtb9dS+KGendg=="],

    "@smithy/eventstream-codec": ["@smithy/eventstream-codec@4.1.1", "", { "dependencies": { "@aws-crypto/crc32": "5.2.0", "@smithy/types": "^4.5.0", "@smithy/util-hex-encoding": "^4.1.0", "tslib": "^2.6.2" } }, "sha512-PwkQw1hZwHTQB6X5hSUWz2OSeuj5Z6enWuAqke7DgWoP3t6vg3ktPpqPz3Erkn6w+tmsl8Oss6nrgyezoea2Iw=="],

    "@smithy/eventstream-serde-browser": ["@smithy/eventstream-serde-browser@4.1.1", "", { "dependencies": { "@smithy/eventstream-serde-universal": "^4.1.1", "@smithy/types": "^4.5.0", "tslib": "^2.6.2" } }, "sha512-Q9QWdAzRaIuVkefupRPRFAasaG/droBqn1feiMnmLa+LLEUG45pqX1+FurHFmlqiCfobB3nUlgoJfeXZsr7MPA=="],

    "@smithy/eventstream-serde-config-resolver": ["@smithy/eventstream-serde-config-resolver@4.2.1", "", { "dependencies": { "@smithy/types": "^4.5.0", "tslib": "^2.6.2" } }, "sha512-oSUkF9zDN9zcOUBMtxp8RewJlh71E9NoHWU8jE3hU9JMYCsmW4assVTpgic/iS3/dM317j6hO5x18cc3XrfvEw=="],

    "@smithy/eventstream-serde-node": ["@smithy/eventstream-serde-node@4.1.1", "", { "dependencies": { "@smithy/eventstream-serde-universal": "^4.1.1", "@smithy/types": "^4.5.0", "tslib": "^2.6.2" } }, "sha512-tn6vulwf/ScY0vjhzptSJuDJJqlhNtUjkxJ4wiv9E3SPoEqTEKbaq6bfqRO7nvhTG29ALICRcvfFheOUPl8KNA=="],

    "@smithy/eventstream-serde-universal": ["@smithy/eventstream-serde-universal@4.1.1", "", { "dependencies": { "@smithy/eventstream-codec": "^4.1.1", "@smithy/types": "^4.5.0", "tslib": "^2.6.2" } }, "sha512-uLOAiM/Dmgh2CbEXQx+6/ssK7fbzFhd+LjdyFxXid5ZBCbLHTFHLdD/QbXw5aEDsLxQhgzDxLLsZhsftAYwHJA=="],

    "@smithy/fetch-http-handler": ["@smithy/fetch-http-handler@5.2.1", "", { "dependencies": { "@smithy/protocol-http": "^5.2.1", "@smithy/querystring-builder": "^4.1.1", "@smithy/types": "^4.5.0", "@smithy/util-base64": "^4.1.0", "tslib": "^2.6.2" } }, "sha512-5/3wxKNtV3wO/hk1is+CZUhL8a1yy/U+9u9LKQ9kZTkMsHaQjJhc3stFfiujtMnkITjzWfndGA2f7g9Uh9vKng=="],

    "@smithy/hash-blob-browser": ["@smithy/hash-blob-browser@4.1.1", "", { "dependencies": { "@smithy/chunked-blob-reader": "^5.1.0", "@smithy/chunked-blob-reader-native": "^4.1.0", "@smithy/types": "^4.5.0", "tslib": "^2.6.2" } }, "sha512-avAtk++s1e/1VODf+rg7c9R2pB5G9y8yaJaGY4lPZI2+UIqVyuSDMikWjeWfBVmFZ3O7NpDxBbUCyGhThVUKWQ=="],

    "@smithy/hash-node": ["@smithy/hash-node@4.1.1", "", { "dependencies": { "@smithy/types": "^4.5.0", "@smithy/util-buffer-from": "^4.1.0", "@smithy/util-utf8": "^4.1.0", "tslib": "^2.6.2" } }, "sha512-H9DIU9WBLhYrvPs9v4sYvnZ1PiAI0oc8CgNQUJ1rpN3pP7QADbTOUjchI2FB764Ub0DstH5xbTqcMJu1pnVqxA=="],

    "@smithy/hash-stream-node": ["@smithy/hash-stream-node@4.1.1", "", { "dependencies": { "@smithy/types": "^4.5.0", "@smithy/util-utf8": "^4.1.0", "tslib": "^2.6.2" } }, "sha512-3ztT4pV0Moazs3JAYFdfKk11kYFDo4b/3R3+xVjIm6wY9YpJf+xfz+ocEnNKcWAdcmSMqi168i2EMaKmJHbJMA=="],

    "@smithy/invalid-dependency": ["@smithy/invalid-dependency@4.1.1", "", { "dependencies": { "@smithy/types": "^4.5.0", "tslib": "^2.6.2" } }, "sha512-1AqLyFlfrrDkyES8uhINRlJXmHA2FkG+3DY8X+rmLSqmFwk3DJnvhyGzyByPyewh2jbmV+TYQBEfngQax8IFGg=="],

    "@smithy/is-array-buffer": ["@smithy/is-array-buffer@4.1.0", "", { "dependencies": { "tslib": "^2.6.2" } }, "sha512-ePTYUOV54wMogio+he4pBybe8fwg4sDvEVDBU8ZlHOZXbXK3/C0XfJgUCu6qAZcawv05ZhZzODGUerFBPsPUDQ=="],

    "@smithy/md5-js": ["@smithy/md5-js@4.1.1", "", { "dependencies": { "@smithy/types": "^4.5.0", "@smithy/util-utf8": "^4.1.0", "tslib": "^2.6.2" } }, "sha512-MvWXKK743BuHjr/hnWuT6uStdKEaoqxHAQUvbKJPPZM5ZojTNFI5D+47BoQfBE5RgGlRRty05EbWA+NXDv+hIA=="],

    "@smithy/middleware-content-length": ["@smithy/middleware-content-length@4.1.1", "", { "dependencies": { "@smithy/protocol-http": "^5.2.1", "@smithy/types": "^4.5.0", "tslib": "^2.6.2" } }, "sha512-9wlfBBgTsRvC2JxLJxv4xDGNBrZuio3AgSl0lSFX7fneW2cGskXTYpFxCdRYD2+5yzmsiTuaAJD1Wp7gWt9y9w=="],

    "@smithy/middleware-endpoint": ["@smithy/middleware-endpoint@4.2.5", "", { "dependencies": { "@smithy/core": "^3.13.0", "@smithy/middleware-serde": "^4.1.1", "@smithy/node-config-provider": "^4.2.2", "@smithy/shared-ini-file-loader": "^4.2.0", "@smithy/types": "^4.5.0", "@smithy/url-parser": "^4.1.1", "@smithy/util-middleware": "^4.1.1", "tslib": "^2.6.2" } }, "sha512-DdOIpssQ5LFev7hV6GX9TMBW5ChTsQBxqgNW1ZGtJNSAi5ksd5klwPwwMY0ejejfEzwXXGqxgVO3cpaod4veiA=="],

    "@smithy/middleware-retry": ["@smithy/middleware-retry@4.3.1", "", { "dependencies": { "@smithy/node-config-provider": "^4.2.2", "@smithy/protocol-http": "^5.2.1", "@smithy/service-error-classification": "^4.1.2", "@smithy/smithy-client": "^4.6.5", "@smithy/types": "^4.5.0", "@smithy/util-middleware": "^4.1.1", "@smithy/util-retry": "^4.1.2", "@smithy/uuid": "^1.0.0", "tslib": "^2.6.2" } }, "sha512-aH2bD1bzb6FB04XBhXA5mgedEZPKx3tD/qBuYCAKt5iieWvWO1Y2j++J9uLqOndXb9Pf/83Xka/YjSnMbcPchA=="],

    "@smithy/middleware-serde": ["@smithy/middleware-serde@4.1.1", "", { "dependencies": { "@smithy/protocol-http": "^5.2.1", "@smithy/types": "^4.5.0", "tslib": "^2.6.2" } }, "sha512-lh48uQdbCoj619kRouev5XbWhCwRKLmphAif16c4J6JgJ4uXjub1PI6RL38d3BLliUvSso6klyB/LTNpWSNIyg=="],

    "@smithy/middleware-stack": ["@smithy/middleware-stack@4.1.1", "", { "dependencies": { "@smithy/types": "^4.5.0", "tslib": "^2.6.2" } }, "sha512-ygRnniqNcDhHzs6QAPIdia26M7e7z9gpkIMUe/pK0RsrQ7i5MblwxY8078/QCnGq6AmlUUWgljK2HlelsKIb/A=="],

    "@smithy/node-config-provider": ["@smithy/node-config-provider@4.2.2", "", { "dependencies": { "@smithy/property-provider": "^4.1.1", "@smithy/shared-ini-file-loader": "^4.2.0", "@smithy/types": "^4.5.0", "tslib": "^2.6.2" } }, "sha512-SYGTKyPvyCfEzIN5rD8q/bYaOPZprYUPD2f5g9M7OjaYupWOoQFYJ5ho+0wvxIRf471i2SR4GoiZ2r94Jq9h6A=="],

    "@smithy/node-http-handler": ["@smithy/node-http-handler@4.2.1", "", { "dependencies": { "@smithy/abort-controller": "^4.1.1", "@smithy/protocol-http": "^5.2.1", "@smithy/querystring-builder": "^4.1.1", "@smithy/types": "^4.5.0", "tslib": "^2.6.2" } }, "sha512-REyybygHlxo3TJICPF89N2pMQSf+p+tBJqpVe1+77Cfi9HBPReNjTgtZ1Vg73exq24vkqJskKDpfF74reXjxfw=="],

    "@smithy/property-provider": ["@smithy/property-provider@4.1.1", "", { "dependencies": { "@smithy/types": "^4.5.0", "tslib": "^2.6.2" } }, "sha512-gm3ZS7DHxUbzC2wr8MUCsAabyiXY0gaj3ROWnhSx/9sPMc6eYLMM4rX81w1zsMaObj2Lq3PZtNCC1J6lpEY7zg=="],

    "@smithy/protocol-http": ["@smithy/protocol-http@5.2.1", "", { "dependencies": { "@smithy/types": "^4.5.0", "tslib": "^2.6.2" } }, "sha512-T8SlkLYCwfT/6m33SIU/JOVGNwoelkrvGjFKDSDtVvAXj/9gOT78JVJEas5a+ETjOu4SVvpCstKgd0PxSu/aHw=="],

    "@smithy/querystring-builder": ["@smithy/querystring-builder@4.1.1", "", { "dependencies": { "@smithy/types": "^4.5.0", "@smithy/util-uri-escape": "^4.1.0", "tslib": "^2.6.2" } }, "sha512-J9b55bfimP4z/Jg1gNo+AT84hr90p716/nvxDkPGCD4W70MPms0h8KF50RDRgBGZeL83/u59DWNqJv6tEP/DHA=="],

    "@smithy/querystring-parser": ["@smithy/querystring-parser@4.1.1", "", { "dependencies": { "@smithy/types": "^4.5.0", "tslib": "^2.6.2" } }, "sha512-63TEp92YFz0oQ7Pj9IuI3IgnprP92LrZtRAkE3c6wLWJxfy/yOPRt39IOKerVr0JS770olzl0kGafXlAXZ1vng=="],

    "@smithy/service-error-classification": ["@smithy/service-error-classification@4.1.2", "", { "dependencies": { "@smithy/types": "^4.5.0" } }, "sha512-Kqd8wyfmBWHZNppZSMfrQFpc3M9Y/kjyN8n8P4DqJJtuwgK1H914R471HTw7+RL+T7+kI1f1gOnL7Vb5z9+NgQ=="],

    "@smithy/shared-ini-file-loader": ["@smithy/shared-ini-file-loader@4.2.0", "", { "dependencies": { "@smithy/types": "^4.5.0", "tslib": "^2.6.2" } }, "sha512-OQTfmIEp2LLuWdxa8nEEPhZmiOREO6bcB6pjs0AySf4yiZhl6kMOfqmcwcY8BaBPX+0Tb+tG7/Ia/6mwpoZ7Pw=="],

    "@smithy/signature-v4": ["@smithy/signature-v4@5.2.1", "", { "dependencies": { "@smithy/is-array-buffer": "^4.1.0", "@smithy/protocol-http": "^5.2.1", "@smithy/types": "^4.5.0", "@smithy/util-hex-encoding": "^4.1.0", "@smithy/util-middleware": "^4.1.1", "@smithy/util-uri-escape": "^4.1.0", "@smithy/util-utf8": "^4.1.0", "tslib": "^2.6.2" } }, "sha512-M9rZhWQLjlQVCCR37cSjHfhriGRN+FQ8UfgrYNufv66TJgk+acaggShl3KS5U/ssxivvZLlnj7QH2CUOKlxPyA=="],

    "@smithy/smithy-client": ["@smithy/smithy-client@4.6.5", "", { "dependencies": { "@smithy/core": "^3.13.0", "@smithy/middleware-endpoint": "^4.2.5", "@smithy/middleware-stack": "^4.1.1", "@smithy/protocol-http": "^5.2.1", "@smithy/types": "^4.5.0", "@smithy/util-stream": "^4.3.2", "tslib": "^2.6.2" } }, "sha512-6J2hhuWu7EjnvLBIGltPCqzNswL1cW/AkaZx6i56qLsQ0ix17IAhmDD9aMmL+6CN9nCJODOXpBTCQS6iKAA7/g=="],

    "@smithy/types": ["@smithy/types@4.5.0", "", { "dependencies": { "tslib": "^2.6.2" } }, "sha512-RkUpIOsVlAwUIZXO1dsz8Zm+N72LClFfsNqf173catVlvRZiwPy0x2u0JLEA4byreOPKDZPGjmPDylMoP8ZJRg=="],

    "@smithy/url-parser": ["@smithy/url-parser@4.1.1", "", { "dependencies": { "@smithy/querystring-parser": "^4.1.1", "@smithy/types": "^4.5.0", "tslib": "^2.6.2" } }, "sha512-bx32FUpkhcaKlEoOMbScvc93isaSiRM75pQ5IgIBaMkT7qMlIibpPRONyx/0CvrXHzJLpOn/u6YiDX2hcvs7Dg=="],

    "@smithy/util-base64": ["@smithy/util-base64@4.1.0", "", { "dependencies": { "@smithy/util-buffer-from": "^4.1.0", "@smithy/util-utf8": "^4.1.0", "tslib": "^2.6.2" } }, "sha512-RUGd4wNb8GeW7xk+AY5ghGnIwM96V0l2uzvs/uVHf+tIuVX2WSvynk5CxNoBCsM2rQRSZElAo9rt3G5mJ/gktQ=="],

    "@smithy/util-body-length-browser": ["@smithy/util-body-length-browser@4.1.0", "", { "dependencies": { "tslib": "^2.6.2" } }, "sha512-V2E2Iez+bo6bUMOTENPr6eEmepdY8Hbs+Uc1vkDKgKNA/brTJqOW/ai3JO1BGj9GbCeLqw90pbbH7HFQyFotGQ=="],

    "@smithy/util-body-length-node": ["@smithy/util-body-length-node@4.1.0", "", { "dependencies": { "tslib": "^2.6.2" } }, "sha512-BOI5dYjheZdgR9XiEM3HJcEMCXSoqbzu7CzIgYrx0UtmvtC3tC2iDGpJLsSRFffUpy8ymsg2ARMP5fR8mtuUQQ=="],

    "@smithy/util-buffer-from": ["@smithy/util-buffer-from@4.1.0", "", { "dependencies": { "@smithy/is-array-buffer": "^4.1.0", "tslib": "^2.6.2" } }, "sha512-N6yXcjfe/E+xKEccWEKzK6M+crMrlwaCepKja0pNnlSkm6SjAeLKKA++er5Ba0I17gvKfN/ThV+ZOx/CntKTVw=="],

    "@smithy/util-config-provider": ["@smithy/util-config-provider@4.1.0", "", { "dependencies": { "tslib": "^2.6.2" } }, "sha512-swXz2vMjrP1ZusZWVTB/ai5gK+J8U0BWvP10v9fpcFvg+Xi/87LHvHfst2IgCs1i0v4qFZfGwCmeD/KNCdJZbQ=="],

    "@smithy/util-defaults-mode-browser": ["@smithy/util-defaults-mode-browser@4.1.5", "", { "dependencies": { "@smithy/property-provider": "^4.1.1", "@smithy/smithy-client": "^4.6.5", "@smithy/types": "^4.5.0", "bowser": "^2.11.0", "tslib": "^2.6.2" } }, "sha512-FGBhlmFZVSRto816l6IwrmDcQ9pUYX6ikdR1mmAhdtSS1m77FgADukbQg7F7gurXfAvloxE/pgsrb7SGja6FQA=="],

    "@smithy/util-defaults-mode-node": ["@smithy/util-defaults-mode-node@4.1.5", "", { "dependencies": { "@smithy/config-resolver": "^4.2.2", "@smithy/credential-provider-imds": "^4.1.2", "@smithy/node-config-provider": "^4.2.2", "@smithy/property-provider": "^4.1.1", "@smithy/smithy-client": "^4.6.5", "@smithy/types": "^4.5.0", "tslib": "^2.6.2" } }, "sha512-Gwj8KLgJ/+MHYjVubJF0EELEh9/Ir7z7DFqyYlwgmp4J37KE+5vz6b3pWUnSt53tIe5FjDfVjDmHGYKjwIvW0Q=="],

    "@smithy/util-endpoints": ["@smithy/util-endpoints@3.1.2", "", { "dependencies": { "@smithy/node-config-provider": "^4.2.2", "@smithy/types": "^4.5.0", "tslib": "^2.6.2" } }, "sha512-+AJsaaEGb5ySvf1SKMRrPZdYHRYSzMkCoK16jWnIMpREAnflVspMIDeCVSZJuj+5muZfgGpNpijE3mUNtjv01Q=="],

    "@smithy/util-hex-encoding": ["@smithy/util-hex-encoding@4.1.0", "", { "dependencies": { "tslib": "^2.6.2" } }, "sha512-1LcueNN5GYC4tr8mo14yVYbh/Ur8jHhWOxniZXii+1+ePiIbsLZ5fEI0QQGtbRRP5mOhmooos+rLmVASGGoq5w=="],

    "@smithy/util-middleware": ["@smithy/util-middleware@4.1.1", "", { "dependencies": { "@smithy/types": "^4.5.0", "tslib": "^2.6.2" } }, "sha512-CGmZ72mL29VMfESz7S6dekqzCh8ZISj3B+w0g1hZFXaOjGTVaSqfAEFAq8EGp8fUL+Q2l8aqNmt8U1tglTikeg=="],

    "@smithy/util-retry": ["@smithy/util-retry@4.1.2", "", { "dependencies": { "@smithy/service-error-classification": "^4.1.2", "@smithy/types": "^4.5.0", "tslib": "^2.6.2" } }, "sha512-NCgr1d0/EdeP6U5PSZ9Uv5SMR5XRRYoVr1kRVtKZxWL3tixEL3UatrPIMFZSKwHlCcp2zPLDvMubVDULRqeunA=="],

    "@smithy/util-stream": ["@smithy/util-stream@4.3.2", "", { "dependencies": { "@smithy/fetch-http-handler": "^5.2.1", "@smithy/node-http-handler": "^4.2.1", "@smithy/types": "^4.5.0", "@smithy/util-base64": "^4.1.0", "@smithy/util-buffer-from": "^4.1.0", "@smithy/util-hex-encoding": "^4.1.0", "@smithy/util-utf8": "^4.1.0", "tslib": "^2.6.2" } }, "sha512-Ka+FA2UCC/Q1dEqUanCdpqwxOFdf5Dg2VXtPtB1qxLcSGh5C1HdzklIt18xL504Wiy9nNUKwDMRTVCbKGoK69g=="],

    "@smithy/util-uri-escape": ["@smithy/util-uri-escape@4.1.0", "", { "dependencies": { "tslib": "^2.6.2" } }, "sha512-b0EFQkq35K5NHUYxU72JuoheM6+pytEVUGlTwiFxWFpmddA+Bpz3LgsPRIpBk8lnPE47yT7AF2Egc3jVnKLuPg=="],

    "@smithy/util-utf8": ["@smithy/util-utf8@4.1.0", "", { "dependencies": { "@smithy/util-buffer-from": "^4.1.0", "tslib": "^2.6.2" } }, "sha512-mEu1/UIXAdNYuBcyEPbjScKi/+MQVXNIuY/7Cm5XLIWe319kDrT5SizBE95jqtmEXoDbGoZxKLCMttdZdqTZKQ=="],

    "@smithy/util-waiter": ["@smithy/util-waiter@4.1.1", "", { "dependencies": { "@smithy/abort-controller": "^4.1.1", "@smithy/types": "^4.5.0", "tslib": "^2.6.2" } }, "sha512-PJBmyayrlfxM7nbqjomF4YcT1sApQwZio0NHSsT0EzhJqljRmvhzqZua43TyEs80nJk2Cn2FGPg/N8phH6KeCQ=="],

    "@smithy/uuid": ["@smithy/uuid@1.0.0", "", { "dependencies": { "tslib": "^2.6.2" } }, "sha512-OlA/yZHh0ekYFnbUkmYBDQPE6fGfdrvgz39ktp8Xf+FA6BfxLejPTMDOG0Nfk5/rDySAz1dRbFf24zaAFYVXlQ=="],

    "@types/bun": ["@types/bun@1.2.22", "", { "dependencies": { "bun-types": "1.2.22" } }, "sha512-5A/KrKos2ZcN0c6ljRSOa1fYIyCKhZfIVYeuyb4snnvomnpFqC0tTsEkdqNxbAgExV384OETQ//WAjl3XbYqQA=="],

    "@types/cors": ["@types/cors@2.8.19", "", { "dependencies": { "@types/node": "*" } }, "sha512-mFNylyeyqN93lfe/9CSxOGREz8cpzAhH+E93xJ4xWQf62V8sQ/24reV2nyzUWM6H6Xji+GGHpkbLe7pVoUEskg=="],

    "@types/node": ["@types/node@24.5.2", "", { "dependencies": { "undici-types": "~7.12.0" } }, "sha512-FYxk1I7wPv3K2XBaoyH2cTnocQEu8AOZ60hPbsyukMPLv5/5qr7V1i8PLHdl6Zf87I+xZXFvPCXYjiTFq+YSDQ=="],

    "@types/react": ["@types/react@19.1.13", "", { "dependencies": { "csstype": "^3.0.2" } }, "sha512-hHkbU/eoO3EG5/MZkuFSKmYqPbSVk5byPFa3e7y/8TybHiLMACgI8seVYlicwk7H5K/rI2px9xrQp/C+AUDTiQ=="],

    "@types/uuid": ["@types/uuid@11.0.0", "", { "dependencies": { "uuid": "*" } }, "sha512-HVyk8nj2m+jcFRNazzqyVKiZezyhDKrGUA3jlEcg/nZ6Ms+qHwocba1Y/AaVaznJTAM9xpdFSh+ptbNrhOGvZA=="],

    "base64-js": ["base64-js@1.5.1", "", {}, "sha512-AKpaYlHn8t4SVbOHCy+b5+KKgvR4vrsD8vbvrbiQJps7fKDTkjkDry6ji0rUJjC0kzbNePLwzxq8iypo41qeWA=="],

    "bowser": ["bowser@2.12.1", "", {}, "sha512-z4rE2Gxh7tvshQ4hluIT7XcFrgLIQaw9X3A+kTTRdovCz5PMukm/0QC/BKSYPj3omF5Qfypn9O/c5kgpmvYUCw=="],

    "buffer": ["buffer@5.6.0", "", { "dependencies": { "base64-js": "^1.0.2", "ieee754": "^1.1.4" } }, "sha512-/gDYp/UtU0eA1ys8bOs9J6a+E/KWIY+DZ+Q2WESNUA0jFRsJOc0SNUO6xJ5SGA1xueg3NL65W6s+NY5l9cunuw=="],

    "bullmq": ["bullmq@5.58.7", "", { "dependencies": { "cron-parser": "^4.9.0", "ioredis": "^5.4.1", "msgpackr": "^1.11.2", "node-abort-controller": "^3.1.1", "semver": "^7.5.4", "tslib": "^2.0.0", "uuid": "^11.1.0" } }, "sha512-rqsKV/ip76wU90q7Cxpr1vS/6PYIVbhuzqr3wgILgjS6XbsnJtWyYrK23jqWHs9+m6/NXM4+62hyf8CSBpufAw=="],

    "bun-types": ["bun-types@1.2.22", "", { "dependencies": { "@types/node": "*" }, "peerDependencies": { "@types/react": "^19" } }, "sha512-hwaAu8tct/Zn6Zft4U9BsZcXkYomzpHJX28ofvx7k0Zz2HNz54n1n+tDgxoWFGB4PcFvJXJQloPhaV2eP3Q6EA=="],

    "cluster-key-slot": ["cluster-key-slot@1.1.2", "", {}, "sha512-RMr0FhtfXemyinomL4hrWcYJxmX6deFdCxpJzhDttxgO1+bcCnkk+9drydLVDmAMG7NE6aN/fl4F7ucU/90gAA=="],

    "cors": ["cors@2.8.5", "", { "dependencies": { "object-assign": "^4", "vary": "^1" } }, "sha512-KIHbLJqu73RGr/hnbrO9uBeixNGuvSQjul/jdFvS/KFSIH1hWVd1ng7zOHx+YrEfInLG7q4n6GHQ9cDtxv/P6g=="],

    "cron-parser": ["cron-parser@4.9.0", "", { "dependencies": { "luxon": "^3.2.1" } }, "sha512-p0SaNjrHOnQeR8/VnfGbmg9te2kfyYSQ7Sc/j/6DtPL3JQvKxmjO9TSjNFpujqV3vEYYBvNNvXSxzyksBWAx1Q=="],

    "csstype": ["csstype@3.1.3", "", {}, "sha512-M1uQkMl8rQK/szD0LNhtqxIPLpimGm8sOBwU7lLnCpSbTyY3yeU1Vc7l4KT5zT4s/yOxHH5O7tIuuLOCnLADRw=="],

    "debug": ["debug@4.4.3", "", { "dependencies": { "ms": "^2.1.3" } }, "sha512-RGwwWnwQvkVfavKVt22FGLw+xYSdzARwm0ru6DhTVA3umU5hZc28V3kO4stgYryrTlLpuvgI9GiijltAjNbcqA=="],

    "denque": ["denque@2.1.0", "", {}, "sha512-HVQE3AAb/pxF8fQAoiqpvg9i3evqug3hoiwakOyZAwJm+6vZehbkYXZ0l4JxS+I3QxM97v5aaRNhj8v5oBhekw=="],

    "detect-libc": ["detect-libc@2.1.0", "", {}, "sha512-vEtk+OcP7VBRtQZ1EJ3bdgzSfBjgnEalLTp5zjJrS+2Z1w2KZly4SBdac/WDU3hhsNAZ9E8SC96ME4Ey8MZ7cg=="],

    "dotenv": ["dotenv@17.2.2", "", {}, "sha512-Sf2LSQP+bOlhKWWyhFsn0UsfdK/kCWRv1iuA2gXAwt3dyNabr6QSj00I2V10pidqz69soatm9ZwZvpQMTIOd5Q=="],

    "events": ["events@3.3.0", "", {}, "sha512-mQw+2fkQbALzQ7V0MY0IqdnXNOeTtP4r0lN9z7AAawCXgqea7bDii20AYrIBrFd/Hx0M2Ocz6S111CaFkUcb0Q=="],

    "fast-xml-parser": ["fast-xml-parser@5.2.5", "", { "dependencies": { "strnum": "^2.1.0" }, "bin": { "fxparser": "src/cli/cli.js" } }, "sha512-pfX9uG9Ki0yekDHx2SiuRIyFdyAr1kMIMitPvb0YBo8SUfKvia7w7FIyd/l6av85pFYRhZscS75MwMnbvY+hcQ=="],

    "ieee754": ["ieee754@1.2.1", "", {}, "sha512-dcyqhDvX1C46lXZcVqCpK+FtMRQVdIMN6/Df5js2zouUsqG7I6sFxitIC+7KYK29KdXOLHdu9zL4sFnoVQnqaA=="],

    "inherits": ["inherits@2.0.4", "", {}, "sha512-k/vGaX4/Yla3WzyMCvTQOXYeIHvqOKtnqBduzTHpzpQZzAskKMhZ2K+EnBiSM9zGSoIFeMpXKxa4dYeZIQqewQ=="],

    "ioredis": ["ioredis@5.7.0", "", { "dependencies": { "@ioredis/commands": "^1.3.0", "cluster-key-slot": "^1.1.0", "debug": "^4.3.4", "denque": "^2.1.0", "lodash.defaults": "^4.2.0", "lodash.isarguments": "^3.1.0", "redis-errors": "^1.2.0", "redis-parser": "^3.0.0", "standard-as-callback": "^2.1.0" } }, "sha512-NUcA93i1lukyXU+riqEyPtSEkyFq8tX90uL659J+qpCZ3rEdViB/APC58oAhIh3+bJln2hzdlZbBZsGNrlsR8g=="],

    "lodash.defaults": ["lodash.defaults@4.2.0", "", {}, "sha512-qjxPLHd3r5DnsdGacqOMU6pb/avJzdh9tFX2ymgoZE27BmjXrNy/y4LoaiTeAb+O3gL8AfpJGtqfX/ae2leYYQ=="],

    "lodash.isarguments": ["lodash.isarguments@3.1.0", "", {}, "sha512-chi4NHZlZqZD18a0imDHnZPrDeBbTtVN7GXMwuGdRH9qotxAjYs3aVLKc7zNOG9eddR5Ksd8rvFEBc9SsggPpg=="],

    "luxon": ["luxon@3.7.2", "", {}, "sha512-vtEhXh/gNjI9Yg1u4jX/0YVPMvxzHuGgCm6tC5kZyb08yjGWGnqAjGJvcXbqQR2P3MyMEFnRbpcdFS6PBcLqew=="],

    "ms": ["ms@2.1.3", "", {}, "sha512-6FlzubTLZG3J2a/NVCAleEhjzq5oxgHyaCU9yYXvcLsvoVaHJq/s5xXI6/XXP6tz7R9xAOtHnSO/tXtF3WRTlA=="],

    "msgpackr": ["msgpackr@1.11.5", "", { "optionalDependencies": { "msgpackr-extract": "^3.0.2" } }, "sha512-UjkUHN0yqp9RWKy0Lplhh+wlpdt9oQBYgULZOiFhV3VclSF1JnSQWZ5r9gORQlNYaUKQoR8itv7g7z1xDDuACA=="],

    "msgpackr-extract": ["msgpackr-extract@3.0.3", "", { "dependencies": { "node-gyp-build-optional-packages": "5.2.2" }, "optionalDependencies": { "@msgpackr-extract/msgpackr-extract-darwin-arm64": "3.0.3", "@msgpackr-extract/msgpackr-extract-darwin-x64": "3.0.3", "@msgpackr-extract/msgpackr-extract-linux-arm": "3.0.3", "@msgpackr-extract/msgpackr-extract-linux-arm64": "3.0.3", "@msgpackr-extract/msgpackr-extract-linux-x64": "3.0.3", "@msgpackr-extract/msgpackr-extract-win32-x64": "3.0.3" }, "bin": { "download-msgpackr-prebuilds": "bin/download-prebuilds.js" } }, "sha512-P0efT1C9jIdVRefqjzOQ9Xml57zpOXnIuS+csaB4MdZbTdmGDLo8XhzBG1N7aO11gKDDkJvBLULeFTo46wwreA=="],

    "node-abort-controller": ["node-abort-controller@3.1.1", "", {}, "sha512-AGK2yQKIjRuqnc6VkX2Xj5d+QW8xZ87pa1UK6yA6ouUyuxfHuMP6umE5QK7UmTeOAymo+Zx1Fxiuw9rVx8taHQ=="],

    "node-gyp-build-optional-packages": ["node-gyp-build-optional-packages@5.2.2", "", { "dependencies": { "detect-libc": "^2.0.1" }, "bin": { "node-gyp-build-optional-packages": "bin.js", "node-gyp-build-optional-packages-optional": "optional.js", "node-gyp-build-optional-packages-test": "build-test.js" } }, "sha512-s+w+rBWnpTMwSFbaE0UXsRlg7hU4FjekKU4eyAih5T8nJuNZT1nNsskXpxmeqSK9UzkBl6UgRlnKc8hz8IEqOw=="],

    "object-assign": ["object-assign@4.1.1", "", {}, "sha512-rJgTQnkUnH1sFw8yT6VSU3zD3sWmu6sZhIseY8VX+GRu3P6F7Fu+JNDoXfklElbLJSnc3FUQHVe4cU5hj+BcUg=="],

    "readable-stream": ["readable-stream@3.6.2", "", { "dependencies": { "inherits": "^2.0.3", "string_decoder": "^1.1.1", "util-deprecate": "^1.0.1" } }, "sha512-9u/sniCrY3D5WdsERHzHE4G2YCXqoG5FTHUiCC4SIbr6XcLZBY05ya9EKjYek9O5xOAwjGq+1JdGBAS7Q9ScoA=="],

    "redis-errors": ["redis-errors@1.2.0", "", {}, "sha512-1qny3OExCf0UvUV/5wpYKf2YwPcOqXzkwKKSmKHiE6ZMQs5heeE/c8eXK+PNllPvmjgAbfnsbpkGZWy8cBpn9w=="],

    "redis-parser": ["redis-parser@3.0.0", "", { "dependencies": { "redis-errors": "^1.0.0" } }, "sha512-DJnGAeenTdpMEH6uAJRK/uiyEIH9WVsUmoLwzudwGJUwZPp80PDBWPHXSAGNPwNvIXAbe7MSUB1zQFugFml66A=="],

    "safe-buffer": ["safe-buffer@5.2.1", "", {}, "sha512-rp3So07KcdmmKbGvgaNxQSJr7bGVSVk5S9Eq1F+ppbRo70+YeaDxkw5Dd8NPN+GD6bjnYm2VuPuCXmpuYvmCXQ=="],

    "semver": ["semver@7.7.2", "", { "bin": { "semver": "bin/semver.js" } }, "sha512-RF0Fw+rO5AMf9MAyaRXI4AV0Ulj5lMHqVxxdSgiVbixSCXoEmmX/jk0CuJw4+3SqroYO9VoUh+HcuJivvtJemA=="],

    "standard-as-callback": ["standard-as-callback@2.1.0", "", {}, "sha512-qoRRSyROncaz1z0mvYqIE4lCd9p2R90i6GxW3uZv5ucSu8tU7B5HXUP1gG8pVZsYNVaXjk8ClXHPttLyxAL48A=="],

    "stream-browserify": ["stream-browserify@3.0.0", "", { "dependencies": { "inherits": "~2.0.4", "readable-stream": "^3.5.0" } }, "sha512-H73RAHsVBapbim0tU2JwwOiXUj+fikfiaoYAKHF3VJfA0pe2BCzkhAHBlLG6REzE+2WNZcxOXjK7lkso+9euLA=="],

    "string_decoder": ["string_decoder@1.3.0", "", { "dependencies": { "safe-buffer": "~5.2.0" } }, "sha512-hkRX8U1WjJFd8LsDJ2yQ/wWWxaopEsABU1XfkM8A+j0+85JAGppt16cr1Whg6KIbb4okU6Mql6BOj+uup/wKeA=="],

    "strnum": ["strnum@2.1.1", "", {}, "sha512-7ZvoFTiCnGxBtDqJ//Cu6fWtZtc7Y3x+QOirG15wztbdngGSkht27o2pyGWrVy0b4WAy3jbKmnoK6g5VlVNUUw=="],

    "tslib": ["tslib@2.8.1", "", {}, "sha512-oJFu94HQb+KVduSUQL7wnpmqnfmLsOA/nAh6b6EH0wCEoK0/mPeXU6c3wKDV83MkOuHPRHtSXKKU99IBazS/2w=="],

    "typescript": ["typescript@5.9.2", "", { "bin": { "tsc": "bin/tsc", "tsserver": "bin/tsserver" } }, "sha512-CWBzXQrc/qOkhidw1OzBTQuYRbfyxDXJMVJ1XNwUHGROVmuaeiEm3OslpZ1RV96d7SKKjZKrSJu3+t/xlw3R9A=="],

    "undici-types": ["undici-types@7.12.0", "", {}, "sha512-goOacqME2GYyOZZfb5Lgtu+1IDmAlAEu5xnD3+xTzS10hT0vzpf0SPjkXwAw9Jm+4n/mQGDP3LO8CPbYROeBfQ=="],

    "util-deprecate": ["util-deprecate@1.0.2", "", {}, "sha512-EPD5q1uXyFxJpCrLnCc1nHnq3gOa6DZBocAIiI2TaSCA7VCJ1UJDMagCzIkXNsUYfD1daK//LTEQ8xiIbrHtcw=="],

    "uuid": ["uuid@13.0.0", "", { "bin": { "uuid": "dist-node/bin/uuid" } }, "sha512-XQegIaBTVUjSHliKqcnFqYypAd4S+WCYt5NIeRs6w/UAry7z8Y9j5ZwRRL4kzq9U3sD6v+85er9FvkEaBpji2w=="],

    "vary": ["vary@1.1.2", "", {}, "sha512-BNGbWLfd0eUPabhkXUVm0j8uuvREyTh5ovRa/dyow/BqAbZJyC+5fU+IzQOzmAKzYqYRAISoRhdQr3eIZ/PXqg=="],

    "zod": ["zod@4.1.11", "", {}, "sha512-WPsqwxITS2tzx1bzhIKsEs19ABD5vmCVa4xBo2tq/SrV4RNZtfws1EnCWQXM6yh8bD08a1idvkB5MZSBiZsjwg=="],

    "@aws-crypto/sha1-browser/@smithy/util-utf8": ["@smithy/util-utf8@2.3.0", "", { "dependencies": { "@smithy/util-buffer-from": "^2.2.0", "tslib": "^2.6.2" } }, "sha512-R8Rdn8Hy72KKcebgLiv8jQcQkXoLMOGGv5uI1/k0l+snqkOzQ1R0ChUBCxWMlBsFMekWjq0wRudIweFs7sKT5A=="],

    "@aws-crypto/sha256-browser/@smithy/util-utf8": ["@smithy/util-utf8@2.3.0", "", { "dependencies": { "@smithy/util-buffer-from": "^2.2.0", "tslib": "^2.6.2" } }, "sha512-R8Rdn8Hy72KKcebgLiv8jQcQkXoLMOGGv5uI1/k0l+snqkOzQ1R0ChUBCxWMlBsFMekWjq0wRudIweFs7sKT5A=="],

    "@aws-crypto/util/@smithy/util-utf8": ["@smithy/util-utf8@2.3.0", "", { "dependencies": { "@smithy/util-buffer-from": "^2.2.0", "tslib": "^2.6.2" } }, "sha512-R8Rdn8Hy72KKcebgLiv8jQcQkXoLMOGGv5uI1/k0l+snqkOzQ1R0ChUBCxWMlBsFMekWjq0wRudIweFs7sKT5A=="],

    "bullmq/uuid": ["uuid@11.1.0", "", { "bin": { "uuid": "dist/esm/bin/uuid" } }, "sha512-0/A9rDy9P7cJ+8w1c9WD9V//9Wj15Ce2MPz8Ri6032usz+NfePxx5AcN3bN+r6ZL6jEo066/yNYB3tn4pQEx+A=="],

    "@aws-crypto/sha1-browser/@smithy/util-utf8/@smithy/util-buffer-from": ["@smithy/util-buffer-from@2.2.0", "", { "dependencies": { "@smithy/is-array-buffer": "^2.2.0", "tslib": "^2.6.2" } }, "sha512-IJdWBbTcMQ6DA0gdNhh/BwrLkDR+ADW5Kr1aZmd4k3DIF6ezMV4R2NIAmT08wQJ3yUK82thHWmC/TnK/wpMMIA=="],

    "@aws-crypto/sha256-browser/@smithy/util-utf8/@smithy/util-buffer-from": ["@smithy/util-buffer-from@2.2.0", "", { "dependencies": { "@smithy/is-array-buffer": "^2.2.0", "tslib": "^2.6.2" } }, "sha512-IJdWBbTcMQ6DA0gdNhh/BwrLkDR+ADW5Kr1aZmd4k3DIF6ezMV4R2NIAmT08wQJ3yUK82thHWmC/TnK/wpMMIA=="],

    "@aws-crypto/util/@smithy/util-utf8/@smithy/util-buffer-from": ["@smithy/util-buffer-from@2.2.0", "", { "dependencies": { "@smithy/is-array-buffer": "^2.2.0", "tslib": "^2.6.2" } }, "sha512-IJdWBbTcMQ6DA0gdNhh/BwrLkDR+ADW5Kr1aZmd4k3DIF6ezMV4R2NIAmT08wQJ3yUK82thHWmC/TnK/wpMMIA=="],

    "@aws-crypto/sha1-browser/@smithy/util-utf8/@smithy/util-buffer-from/@smithy/is-array-buffer": ["@smithy/is-array-buffer@2.2.0", "", { "dependencies": { "tslib": "^2.6.2" } }, "sha512-GGP3O9QFD24uGeAXYUjwSTXARoqpZykHadOmA8G5vfJPK0/DC67qa//0qvqrJzL1xc8WQWX7/yc7fwudjPHPhA=="],

    "@aws-crypto/sha256-browser/@smithy/util-utf8/@smithy/util-buffer-from/@smithy/is-array-buffer": ["@smithy/is-array-buffer@2.2.0", "", { "dependencies": { "tslib": "^2.6.2" } }, "sha512-GGP3O9QFD24uGeAXYUjwSTXARoqpZykHadOmA8G5vfJPK0/DC67qa//0qvqrJzL1xc8WQWX7/yc7fwudjPHPhA=="],

    "@aws-crypto/util/@smithy/util-utf8/@smithy/util-buffer-from/@smithy/is-array-buffer": ["@smithy/is-array-buffer@2.2.0", "", { "dependencies": { "tslib": "^2.6.2" } }, "sha512-GGP3O9QFD24uGeAXYUjwSTXARoqpZykHadOmA8G5vfJPK0/DC67qa//0qvqrJzL1xc8WQWX7/yc7fwudjPHPhA=="],
  }
}
